
Microsoft Visual Studio Solution File, Format Version 12.00
# Visual Studio Version 17
VisualStudioVersion = 17.9.34723.18
MinimumVisualStudioVersion = 10.0.40219.1
Project("{FAE04EC0-301F-11D3-BF4B-00C04F79EFBC}") = "SigmaTest.API", "SigmaTest.API.csproj", "{B12DC7B2-8715-4BCF-8EA1-9C94B7AA4396}"
EndProject
Project("{FAE04EC0-301F-11D3-BF4B-00C04F79EFBC}") = "ApplicationCore", "..\ApplicationCore\ApplicationCore.csproj", "{3DAD98FE-CA54-4C40-B2E7-5F6941ED6DA8}"
EndProject
Project("{FAE04EC0-301F-11D3-BF4B-00C04F79EFBC}") = "Domain", "..\Domain\Domain.csproj", "{7FC21603-F6A4-4AC5-A611-116D5353ECC0}"
EndProject
Project("{FAE04EC0-301F-11D3-BF4B-00C04F79EFBC}") = "Infrastructure", "..\Infrastructure\Infrastructure.csproj", "{A5C985C0-C5F6-4C70-9DF9-45533D289F24}"
EndProject
Global
	GlobalSection(SolutionConfigurationPlatforms) = preSolution
		Debug|Any CPU = Debug|Any CPU
		Release|Any CPU = Release|Any CPU
	EndGlobalSection
	GlobalSection(ProjectConfigurationPlatforms) = postSolution
		{B12DC7B2-8715-4BCF-8EA1-9C94B7AA4396}.Debug|Any CPU.ActiveCfg = Debug|Any CPU
		{B12DC7B2-8715-4BCF-8EA1-9C94B7AA4396}.Debug|Any CPU.Build.0 = Debug|Any CPU
		{B12DC7B2-8715-4BCF-8EA1-9C94B7AA4396}.Release|Any CPU.ActiveCfg = Release|Any CPU
		{B12DC7B2-8715-4BCF-8EA1-9C94B7AA4396}.Release|Any CPU.Build.0 = Release|Any CPU
		{3DAD98FE-CA54-4C40-B2E7-5F6941ED6DA8}.Debug|Any CPU.ActiveCfg = Debug|Any CPU
		{3DAD98FE-CA54-4C40-B2E7-5F6941ED6DA8}.Debug|Any CPU.Build.0 = Debug|Any CPU
		{3DAD98FE-CA54-4C40-B2E7-5F6941ED6DA8}.Release|Any CPU.ActiveCfg = Release|Any CPU
		{3DAD98FE-CA54-4C40-B2E7-5F6941ED6DA8}.Release|Any CPU.Build.0 = Release|Any CPU
		{7FC21603-F6A4-4AC5-A611-116D5353ECC0}.Debug|Any CPU.ActiveCfg = Debug|Any CPU
		{7FC21603-F6A4-4AC5-A611-116D5353ECC0}.Debug|Any CPU.Build.0 = Debug|Any CPU
		{7FC21603-F6A4-4AC5-A611-116D5353ECC0}.Release|Any CPU.ActiveCfg = Release|Any CPU
		{7FC21603-F6A4-4AC5-A611-116D5353ECC0}.Release|Any CPU.Build.0 = Release|Any CPU
		{A5C985C0-C5F6-4C70-9DF9-45533D289F24}.Debug|Any CPU.ActiveCfg = Debug|Any CPU
		{A5C985C0-C5F6-4C70-9DF9-45533D289F24}.Debug|Any CPU.Build.0 = Debug|Any CPU
		{A5C985C0-C5F6-4C70-9DF9-45533D289F24}.Release|Any CPU.ActiveCfg = Release|Any CPU
		{A5C985C0-C5F6-4C70-9DF9-45533D289F24}.Release|Any CPU.Build.0 = Release|Any CPU
	EndGlobalSection
	GlobalSection(SolutionProperties) = preSolution
		HideSolutionNode = FALSE
	EndGlobalSection
	GlobalSection(ExtensibilityGlobals) = postSolution
		SolutionGuid = {342CC084-E107-4E07-964B-C206FB3DE3E1}
	EndGlobalSection
EndGlobal
